<?xml version="1.0" encoding="utf-8"?>
<Project ToolsVersion="4.0" xmlns="http://schemas.microsoft.com/developer/msbuild/2003">
  <ItemGroup>
    <Filter Include="Source Files">
      <UniqueIdentifier>{4FC737F1-C7A5-4376-A066-2A32D752A2FF}</UniqueIdentifier>
      <Extensions>cpp;c;cc;cxx;def;odl;idl;hpj;bat;asm;asmx</Extensions>
    </Filter>
    <Filter Include="Header Files">
      <UniqueIdentifier>{93995380-89BD-4b04-88EB-625FBE52EBFB}</UniqueIdentifier>
      <Extensions>h;hh;hpp;hxx;hm;inl;inc;xsd</Extensions>
    </Filter>
    <Filter Include="Resource Files">
      <UniqueIdentifier>{67DA6AB6-F800-4c08-8B7A-83BB121AAD01}</UniqueIdentifier>
      <Extensions>rc;ico;cur;bmp;dlg;rc2;rct;bin;rgs;gif;jpg;jpeg;jpe;resx;tiff;tif;png;wav;mfcribbon-ms</Extensions>
    </Filter>
  </ItemGroup>
  <ItemGroup>
    <ClInclude Include="..\includes\CarFactory.h">
      <Filter>Header Files</Filter>
    </ClInclude>
    <ClInclude Include="..\includes\CBrokenEngine.h">
      <Filter>Header Files</Filter>
    </ClInclude>
    <ClInclude Include="..\includes\CCombustionEngine.h">
      <Filter>Header Files</Filter>
    </ClInclude>
    <ClInclude Include="..\includes\CDieselEngine.h">
      <Filter>Header Files</Filter>
    </ClInclude>
    <ClInclude Include="..\includes\CElectricEngine.h">
      <Filter>Header Files</Filter>
    </ClInclude>
    <ClInclude Include="..\includes\CHondaFactory.h">
      <Filter>Header Files</Filter>
    </ClInclude>
    <ClInclude Include="..\includes\CJetEngine.h">
      <Filter>Header Files</Filter>
    </ClInclude>
    <ClInclude Include="..\includes\CMeteocenter.h">
      <Filter>Header Files</Filter>
    </ClInclude>
    <ClInclude Include="..\includes\CRandomCarFactory.h">
      <Filter>Header Files</Filter>
    </ClInclude>
    <ClInclude Include="..\includes\CSubaruFactory.h">
      <Filter>Header Files</Filter>
    </ClInclude>
    <ClInclude Include="..\includes\CToyotaFactory.h">
      <Filter>Header Files</Filter>
    </ClInclude>
    <ClInclude Include="..\includes\Honda.h">
      <Filter>Header Files</Filter>
    </ClInclude>
    <ClInclude Include="..\includes\IEngine.h">
      <Filter>Header Files</Filter>
    </ClInclude>
    <ClInclude Include="..\includes\IObserver.h">
      <Filter>Header Files</Filter>
    </ClInclude>
    <ClInclude Include="..\includes\IPublisher.h">
      <Filter>Header Files</Filter>
    </ClInclude>
    <ClInclude Include="..\includes\Radio.h">
      <Filter>Header Files</Filter>
    </ClInclude>
    <ClInclude Include="..\includes\Subaru.h">
      <Filter>Header Files</Filter>
    </ClInclude>
    <ClInclude Include="..\includes\Toyota.h">
      <Filter>Header Files</Filter>
    </ClInclude>
    <ClInclude Include="..\includes\Car.h">
      <Filter>Header Files</Filter>
    </ClInclude>
  </ItemGroup>
  <ItemGroup>
    <ClCompile Include="..\src\Car.cpp">
      <Filter>Source Files</Filter>
    </ClCompile>
    <ClCompile Include="..\src\CarFactory.cpp">
      <Filter>Source Files</Filter>
    </ClCompile>
    <ClCompile Include="..\src\CBrokenEngine.cpp">
      <Filter>Source Files</Filter>
    </ClCompile>
    <ClCompile Include="..\src\CCombustionEngine.cpp">
      <Filter>Source Files</Filter>
    </ClCompile>
    <ClCompile Include="..\src\CDieselEngine.cpp">
      <Filter>Source Files</Filter>
    </ClCompile>
    <ClCompile Include="..\src\CElectricEngine.cpp">
      <Filter>Source Files</Filter>
    </ClCompile>
    <ClCompile Include="..\src\CHondaFactory.cpp">
      <Filter>Source Files</Filter>
    </ClCompile>
    <ClCompile Include="..\src\CJetEngine.cpp">
      <Filter>Source Files</Filter>
    </ClCompile>
    <ClCompile Include="..\src\CMeteocenter.cpp">
      <Filter>Source Files</Filter>
    </ClCompile>
    <ClCompile Include="..\src\CRandomCarFactory.cpp">
      <Filter>Source Files</Filter>
    </ClCompile>
    <ClCompile Include="..\src\CSubaruFactory.cpp">
      <Filter>Source Files</Filter>
    </ClCompile>
    <ClCompile Include="..\src\CToyotaFactory.cpp">
      <Filter>Source Files</Filter>
    </ClCompile>
    <ClCompile Include="..\src\Honda.cpp">
      <Filter>Source Files</Filter>
    </ClCompile>
    <ClCompile Include="..\src\Radio.cpp">
      <Filter>Source Files</Filter>
    </ClCompile>
    <ClCompile Include="..\src\Subaru.cpp">
      <Filter>Source Files</Filter>
    </ClCompile>
    <ClCompile Include="..\src\test.cpp">
      <Filter>Source Files</Filter>
    </ClCompile>
    <ClCompile Include="..\src\Toyota.cpp">
      <Filter>Source Files</Filter>
    </ClCompile>
  </ItemGroup>
</Project>