
Microsoft Visual Studio Solution File, Format Version 12.00
# Visual Studio 2013
VisualStudioVersion = 12.0.40629.0
MinimumVisualStudioVersion = 10.0.40219.1
Project("{8BC9CEB8-8B4A-11D0-8D11-00A0C91BC942}") = "GitPractise", "GitPractise\GitPractise.vcxproj", "{79241A9E-6294-462B-B6DD-09A3937F74FF}"
EndProject
Global
	GlobalSection(SolutionConfigurationPlatforms) = preSolution
		Debug|Win32 = Debug|Win32
		Release|Win32 = Release|Win32
	EndGlobalSection
	GlobalSection(ProjectConfigurationPlatforms) = postSolution
		{79241A9E-6294-462B-B6DD-09A3937F74FF}.Debug|Win32.ActiveCfg = Debug|Win32
		{79241A9E-6294-462B-B6DD-09A3937F74FF}.Debug|Win32.Build.0 = Debug|Win32
		{79241A9E-6294-462B-B6DD-09A3937F74FF}.Release|Win32.ActiveCfg = Release|Win32
		{79241A9E-6294-462B-B6DD-09A3937F74FF}.Release|Win32.Build.0 = Release|Win32
	EndGlobalSection
	GlobalSection(SolutionProperties) = preSolution
		HideSolutionNode = FALSE
	EndGlobalSection
EndGlobal
